// !$*UTF8*$!
{
	archiveVersion = 1;
	classes = {
	};
	objectVersion = 56;
	objects = {

/* Begin PBXBuildFile section */
		7F16008A2CA557F7009631A0 /* uiuApp.swift in Sources */ = {isa = PBXBuildFile; fileRef = 7F1600892CA557F7009631A0 /* uiuApp.swift */; };
		7F16008C2CA557F7009631A0 /* ContentView.swift in Sources */ = {isa = PBXBuildFile; fileRef = 7F16008B2CA557F7009631A0 /* ContentView.swift */; };
		7F16008E2CA557F8009631A0 /* Assets.xcassets in Resources */ = {isa = PBXBuildFile; fileRef = 7F16008D2CA557F8009631A0 /* Assets.xcassets */; };
		7F1600912CA557F8009631A0 /* Preview Assets.xcassets in Resources */ = {isa = PBXBuildFile; fileRef = 7F1600902CA557F8009631A0 /* Preview Assets.xcassets */; };
		7F16009B2CA557F8009631A0 /* uiuTests.swift in Sources */ = {isa = PBXBuildFile; fileRef = 7F16009A2CA557F8009631A0 /* uiuTests.swift */; };
		7F1600A52CA557F8009631A0 /* uiuUITests.swift in Sources */ = {isa = PBXBuildFile; fileRef = 7F1600A42CA557F8009631A0 /* uiuUITests.swift */; };
		7F1600A72CA557F8009631A0 /* uiuUITestsLaunchTests.swift in Sources */ = {isa = PBXBuildFile; fileRef = 7F1600A62CA557F8009631A0 /* uiuUITestsLaunchTests.swift */; };
/* End PBXBuildFile section */

/* Begin PBXContainerItemProxy section */
		7F1600972CA557F8009631A0 /* PBXContainerItemProxy */ = {
			isa = PBXContainerItemProxy;
			containerPortal = 7F16007E2CA557F7009631A0 /* Project object */;
			proxyType = 1;
			remoteGlobalIDString = 7F1600852CA557F7009631A0;
			remoteInfo = uiu;
		};
		7F1600A12CA557F8009631A0 /* PBXContainerItemProxy */ = {
			isa = PBXContainerItemProxy;
			containerPortal = 7F16007E2CA557F7009631A0 /* Project object */;
			proxyType = 1;
			remoteGlobalIDString = 7F1600852CA557F7009631A0;
			remoteInfo = uiu;
		};
/* End PBXContainerItemProxy section */

/* Begin PBXFileReference section */
		7F1600862CA557F7009631A0 /* uiu.app */ = {isa = PBXFileReference; explicitFileType = wrapper.application; includeInIndex = 0; path = uiu.app; sourceTree = BUILT_PRODUCTS_DIR; };
		7F1600892CA557F7009631A0 /* uiuApp.swift */ = {isa = PBXFileReference; lastKnownFileType = sourcecode.swift; path = uiuApp.swift; sourceTree = "<group>"; };
		7F16008B2CA557F7009631A0 /* ContentView.swift */ = {isa = PBXFileReference; lastKnownFileType = sourcecode.swift; path = ContentView.swift; sourceTree = "<group>"; };
		7F16008D2CA557F8009631A0 /* Assets.xcassets */ = {isa = PBXFileReference; lastKnownFileType = folder.assetcatalog; path = Assets.xcassets; sourceTree = "<group>"; };
		7F1600902CA557F8009631A0 /* Preview Assets.xcassets */ = {isa = PBXFileReference; lastKnownFileType = folder.assetcatalog; path = "Preview Assets.xcassets"; sourceTree = "<group>"; };
		7F1600962CA557F8009631A0 /* uiuTests.xctest */ = {isa = PBXFileReference; explicitFileType = wrapper.cfbundle; includeInIndex = 0; path = uiuTests.xctest; sourceTree = BUILT_PRODUCTS_DIR; };
		7F16009A2CA557F8009631A0 /* uiuTests.swift */ = {isa = PBXFileReference; lastKnownFileType = sourcecode.swift; path = uiuTests.swift; sourceTree = "<group>"; };
		7F1600A02CA557F8009631A0 /* uiuUITests.xctest */ = {isa = PBXFileReference; explicitFileType = wrapper.cfbundle; includeInIndex = 0; path = uiuUITests.xctest; sourceTree = BUILT_PRODUCTS_DIR; };
		7F1600A42CA557F8009631A0 /* uiuUITests.swift */ = {isa = PBXFileReference; lastKnownFileType = sourcecode.swift; path = uiuUITests.swift; sourceTree = "<group>"; };
		7F1600A62CA557F8009631A0 /* uiuUITestsLaunchTests.swift */ = {isa = PBXFileReference; lastKnownFileType = sourcecode.swift; path = uiuUITestsLaunchTests.swift; sourceTree = "<group>"; };
/* End PBXFileReference section */

/* Begin PBXFrameworksBuildPhase section */
		7F1600832CA557F7009631A0 /* Frameworks */ = {
			isa = PBXFrameworksBuildPhase;
			buildActionMask = 2147483647;
			files = (
			);
			runOnlyForDeploymentPostprocessing = 0;
		};
		7F1600932CA557F8009631A0 /* Frameworks */ = {
			isa = PBXFrameworksBuildPhase;
			buildActionMask = 2147483647;
			files = (
			);
			runOnlyForDeploymentPostprocessing = 0;
		};
		7F16009D2CA557F8009631A0 /* Frameworks */ = {
			isa = PBXFrameworksBuildPhase;
			buildActionMask = 2147483647;
			files = (
			);
			runOnlyForDeploymentPostprocessing = 0;
		};
/* End PBXFrameworksBuildPhase section */

/* Begin PBXGroup section */
		7F16007D2CA557F7009631A0 = {
			isa = PBXGroup;
			children = (
				7F1600882CA557F7009631A0 /* uiu */,
				7F1600992CA557F8009631A0 /* uiuTests */,
				7F1600A32CA557F8009631A0 /* uiuUITests */,
				7F1600872CA557F7009631A0 /* Products */,
			);
			sourceTree = "<group>";
		};
		7F1600872CA557F7009631A0 /* Products */ = {
			isa = PBXGroup;
			children = (
				7F1600862CA557F7009631A0 /* uiu.app */,
				7F1600962CA557F8009631A0 /* uiuTests.xctest */,
				7F1600A02CA557F8009631A0 /* uiuUITests.xctest */,
			);
			name = Products;
			sourceTree = "<group>";
		};
		7F1600882CA557F7009631A0 /* uiu */ = {
			isa = PBXGroup;
			children = (
				7F1600892CA557F7009631A0 /* uiuApp.swift */,
				7F16008B2CA557F7009631A0 /* ContentView.swift */,
				7F16008D2CA557F8009631A0 /* Assets.xcassets */,
				7F16008F2CA557F8009631A0 /* Preview Content */,
			);
			path = uiu;
			sourceTree = "<group>";
		};
		7F16008F2CA557F8009631A0 /* Preview Content */ = {
			isa = PBXGroup;
			children = (
				7F1600902CA557F8009631A0 /* Preview Assets.xcassets */,
			);
			path = "Preview Content";
			sourceTree = "<group>";
		};
		7F1600992CA557F8009631A0 /* uiuTests */ = {
			isa = PBXGroup;
			children = (
				7F16009A2CA557F8009631A0 /* uiuTests.swift */,
			);
			path = uiuTests;
			sourceTree = "<group>";
		};
		7F1600A32CA557F8009631A0 /* uiuUITests */ = {
			isa = PBXGroup;
			children = (
				7F1600A42CA557F8009631A0 /* uiuUITests.swift */,
				7F1600A62CA557F8009631A0 /* uiuUITestsLaunchTests.swift */,
			);
			path = uiuUITests;
			sourceTree = "<group>";
		};
/* End PBXGroup section */

/* Begin PBXNativeTarget section */
		7F1600852CA557F7009631A0 /* uiu */ = {
			isa = PBXNativeTarget;
			buildConfigurationList = 7F1600AA2CA557F8009631A0 /* Build configuration list for PBXNativeTarget "uiu" */;
			buildPhases = (
				7F1600822CA557F7009631A0 /* Sources */,
				7F1600832CA557F7009631A0 /* Frameworks */,
				7F1600842CA557F7009631A0 /* Resources */,
			);
			buildRules = (
			);
			dependencies = (
			);
			name = uiu;
			productName = uiu;
			productReference = 7F1600862CA557F7009631A0 /* uiu.app */;
			productType = "com.apple.product-type.application";
		};
		7F1600952CA557F8009631A0 /* uiuTests */ = {
			isa = PBXNativeTarget;
			buildConfigurationList = 7F1600AD2CA557F8009631A0 /* Build configuration list for PBXNativeTarget "uiuTests" */;
			buildPhases = (
				7F1600922CA557F8009631A0 /* Sources */,
				7F1600932CA557F8009631A0 /* Frameworks */,
				7F1600942CA557F8009631A0 /* Resources */,
			);
			buildRules = (
			);
			dependencies = (
				7F1600982CA557F8009631A0 /* PBXTargetDependency */,
			);
			name = uiuTests;
			productName = uiuTests;
			productReference = 7F1600962CA557F8009631A0 /* uiuTests.xctest */;
			productType = "com.apple.product-type.bundle.unit-test";
		};
		7F16009F2CA557F8009631A0 /* uiuUITests */ = {
			isa = PBXNativeTarget;
			buildConfigurationList = 7F1600B02CA557F8009631A0 /* Build configuration list for PBXNativeTarget "uiuUITests" */;
			buildPhases = (
				7F16009C2CA557F8009631A0 /* Sources */,
				7F16009D2CA557F8009631A0 /* Frameworks */,
				7F16009E2CA557F8009631A0 /* Resources */,
			);
			buildRules = (
			);
			dependencies = (
				7F1600A22CA557F8009631A0 /* PBXTargetDependency */,
			);
			name = uiuUITests;
			productName = uiuUITests;
			productReference = 7F1600A02CA557F8009631A0 /* uiuUITests.xctest */;
			productType = "com.apple.product-type.bundle.ui-testing";
		};
/* End PBXNativeTarget section */

/* Begin PBXProject section */
		7F16007E2CA557F7009631A0 /* Project object */ = {
			isa = PBXProject;
			attributes = {
				BuildIndependentTargetsInParallel = 1;
				LastSwiftUpdateCheck = 1540;
				LastUpgradeCheck = 1540;
				TargetAttributes = {
					7F1600852CA557F7009631A0 = {
						CreatedOnToolsVersion = 15.4;
					};
					7F1600952CA557F8009631A0 = {
						CreatedOnToolsVersion = 15.4;
						TestTargetID = 7F1600852CA557F7009631A0;
					};
					7F16009F2CA557F8009631A0 = {
						CreatedOnToolsVersion = 15.4;
						TestTargetID = 7F1600852CA557F7009631A0;
					};
				};
			};
			buildConfigurationList = 7F1600812CA557F7009631A0 /* Build configuration list for PBXProject "uiu" */;
			compatibilityVersion = "Xcode 14.0";
			developmentRegion = en;
			hasScannedForEncodings = 0;
			knownRegions = (
				en,
				Base,
			);
			mainGroup = 7F16007D2CA557F7009631A0;
			productRefGroup = 7F1600872CA557F7009631A0 /* Products */;
			projectDirPath = "";
			projectRoot = "";
			targets = (
				7F1600852CA557F7009631A0 /* uiu */,
				7F1600952CA557F8009631A0 /* uiuTests */,
				7F16009F2CA557F8009631A0 /* uiuUITests */,
			);
		};
/* End PBXProject section */

/* Begin PBXResourcesBuildPhase section */
		7F1600842CA557F7009631A0 /* Resources */ = {
			isa = PBXResourcesBuildPhase;
			buildActionMask = 2147483647;
			files = (
				7F1600912CA557F8009631A0 /* Preview Assets.xcassets in Resources */,
				7F16008E2CA557F8009631A0 /* Assets.xcassets in Resources */,
			);
			runOnlyForDeploymentPostprocessing = 0;
		};
		7F1600942CA557F8009631A0 /* Resources */ = {
			isa = PBXResourcesBuildPhase;
			buildActionMask = 2147483647;
			files = (
			);
			runOnlyForDeploymentPostprocessing = 0;
		};
		7F16009E2CA557F8009631A0 /* Resources */ = {
			isa = PBXResourcesBuildPhase;
			buildActionMask = 2147483647;
			files = (
			);
			runOnlyForDeploymentPostprocessing = 0;
		};
/* End PBXResourcesBuildPhase section */

/* Begin PBXSourcesBuildPhase section */
		7F1600822CA557F7009631A0 /* Sources */ = {
			isa = PBXSourcesBuildPhase;
			buildActionMask = 2147483647;
			files = (
				7F16008C2CA557F7009631A0 /* ContentView.swift in Sources */,
				7F16008A2CA557F7009631A0 /* uiuApp.swift in Sources */,
			);
			runOnlyForDeploymentPostprocessing = 0;
		};
		7F1600922CA557F8009631A0 /* Sources */ = {
			isa = PBXSourcesBuildPhase;
			buildActionMask = 2147483647;
			files = (
				7F16009B2CA557F8009631A0 /* uiuTests.swift in Sources */,
			);
			runOnlyForDeploymentPostprocessing = 0;
		};
		7F16009C2CA557F8009631A0 /* Sources */ = {
			isa = PBXSourcesBuildPhase;
			buildActionMask = 2147483647;
			files = (
				7F1600A72CA557F8009631A0 /* uiuUITestsLaunchTests.swift in Sources */,
				7F1600A52CA557F8009631A0 /* uiuUITests.swift in Sources */,
			);
			runOnlyForDeploymentPostprocessing = 0;
		};
/* End PBXSourcesBuildPhase section */

/* Begin PBXTargetDependency section */
		7F1600982CA557F8009631A0 /* PBXTargetDependency */ = {
			isa = PBXTargetDependency;
			target = 7F1600852CA557F7009631A0 /* uiu */;
			targetProxy = 7F1600972CA557F8009631A0 /* PBXContainerItemProxy */;
		};
		7F1600A22CA557F8009631A0 /* PBXTargetDependency */ = {
			isa = PBXTargetDependency;
			target = 7F1600852CA557F7009631A0 /* uiu */;
			targetProxy = 7F1600A12CA557F8009631A0 /* PBXContainerItemProxy */;
		};
/* End PBXTargetDependency section */

/* Begin XCBuildConfiguration section */
		7F1600A82CA557F8009631A0 /* Debug */ = {
			isa = XCBuildConfiguration;
			buildSettings = {
				ALWAYS_SEARCH_USER_PATHS = NO;
				ASSETCATALOG_COMPILER_GENERATE_SWIFT_ASSET_SYMBOL_EXTENSIONS = YES;
				CLANG_ANALYZER_NONNULL = YES;
				CLANG_ANALYZER_NUMBER_OBJECT_CONVERSION = YES_AGGRESSIVE;
				CLANG_CXX_LANGUAGE_STANDARD = "gnu++20";
				CLANG_ENABLE_MODULES = YES;
				CLANG_ENABLE_OBJC_ARC = YES;
				CLANG_ENABLE_OBJC_WEAK = YES;
				CLANG_WARN_BLOCK_CAPTURE_AUTORELEASING = YES;
				CLANG_WARN_BOOL_CONVERSION = YES;
				CLANG_WARN_COMMA = YES;
				CLANG_WARN_CONSTANT_CONVERSION = YES;
				CLANG_WARN_DEPRECATED_OBJC_IMPLEMENTATIONS = YES;
				CLANG_WARN_DIRECT_OBJC_ISA_USAGE = YES_ERROR;
				CLANG_WARN_DOCUMENTATION_COMMENTS = YES;
				CLANG_WARN_EMPTY_BODY = YES;
				CLANG_WARN_ENUM_CONVERSION = YES;
				CLANG_WARN_INFINITE_RECURSION = YES;
				CLANG_WARN_INT_CONVERSION = YES;
				CLANG_WARN_NON_LITERAL_NULL_CONVERSION = YES;
				CLANG_WARN_OBJC_IMPLICIT_RETAIN_SELF = YES;
				CLANG_WARN_OBJC_LITERAL_CONVERSION = YES;
				CLANG_WARN_OBJC_ROOT_CLASS = YES_ERROR;
				CLANG_WARN_QUOTED_INCLUDE_IN_FRAMEWORK_HEADER = YES;
				CLANG_WARN_RANGE_LOOP_ANALYSIS = YES;
				CLANG_WARN_STRICT_PROTOTYPES = YES;
				CLANG_WARN_SUSPICIOUS_MOVE = YES;
				CLANG_WARN_UNGUARDED_AVAILABILITY = YES_AGGRESSIVE;
				CLANG_WARN_UNREACHABLE_CODE = YES;
				CLANG_WARN__DUPLICATE_METHOD_MATCH = YES;
				COPY_PHASE_STRIP = NO;
				DEBUG_INFORMATION_FORMAT = dwarf;
				ENABLE_STRICT_OBJC_MSGSEND = YES;
				ENABLE_TESTABILITY = YES;
				ENABLE_USER_SCRIPT_SANDBOXING = YES;
				GCC_C_LANGUAGE_STANDARD = gnu17;
				GCC_DYNAMIC_NO_PIC = NO;
				GCC_NO_COMMON_BLOCKS = YES;
				GCC_OPTIMIZATION_LEVEL = 0;
				GCC_PREPROCESSOR_DEFINITIONS = (
					"DEBUG=1",
					"$(inherited)",
				);
				GCC_WARN_64_TO_32_BIT_CONVERSION = YES;
				GCC_WARN_ABOUT_RETURN_TYPE = YES_ERROR;
				GCC_WARN_UNDECLARED_SELECTOR = YES;
				GCC_WARN_UNINITIALIZED_AUTOS = YES_AGGRESSIVE;
				GCC_WARN_UNUSED_FUNCTION = YES;
				GCC_WARN_UNUSED_VARIABLE = YES;
				IPHONEOS_DEPLOYMENT_TARGET = 17.5;
				LOCALIZATION_PREFERS_STRING_CATALOGS = YES;
				MTL_ENABLE_DEBUG_INFO = INCLUDE_SOURCE;
				MTL_FAST_MATH = YES;
				ONLY_ACTIVE_ARCH = YES;
				SDKROOT = iphoneos;
				SWIFT_ACTIVE_COMPILATION_CONDITIONS = "DEBUG $(inherited)";
				SWIFT_OPTIMIZATION_LEVEL = "-Onone";
			};
			name = Debug;
		};
		7F1600A92CA557F8009631A0 /* Release */ = {
			isa = XCBuildConfiguration;
			buildSettings = {
				ALWAYS_SEARCH_USER_PATHS = NO;
				ASSETCATALOG_COMPILER_GENERATE_SWIFT_ASSET_SYMBOL_EXTENSIONS = YES;
				CLANG_ANALYZER_NONNULL = YES;
				CLANG_ANALYZER_NUMBER_OBJECT_CONVERSION = YES_AGGRESSIVE;
				CLANG_CXX_LANGUAGE_STANDARD = "gnu++20";
				CLANG_ENABLE_MODULES = YES;
				CLANG_ENABLE_OBJC_ARC = YES;
				CLANG_ENABLE_OBJC_WEAK = YES;
				CLANG_WARN_BLOCK_CAPTURE_AUTORELEASING = YES;
				CLANG_WARN_BOOL_CONVERSION = YES;
				CLANG_WARN_COMMA = YES;
				CLANG_WARN_CONSTANT_CONVERSION = YES;
				CLANG_WARN_DEPRECATED_OBJC_IMPLEMENTATIONS = YES;
				CLANG_WARN_DIRECT_OBJC_ISA_USAGE = YES_ERROR;
				CLANG_WARN_DOCUMENTATION_COMMENTS = YES;
				CLANG_WARN_EMPTY_BODY = YES;
				CLANG_WARN_ENUM_CONVERSION = YES;
				CLANG_WARN_INFINITE_RECURSION = YES;
				CLANG_WARN_INT_CONVERSION = YES;
				CLANG_WARN_NON_LITERAL_NULL_CONVERSION = YES;
				CLANG_WARN_OBJC_IMPLICIT_RETAIN_SELF = YES;
				CLANG_WARN_OBJC_LITERAL_CONVERSION = YES;
				CLANG_WARN_OBJC_ROOT_CLASS = YES_ERROR;
				CLANG_WARN_QUOTED_INCLUDE_IN_FRAMEWORK_HEADER = YES;
				CLANG_WARN_RANGE_LOOP_ANALYSIS = YES;
				CLANG_WARN_STRICT_PROTOTYPES = YES;
				CLANG_WARN_SUSPICIOUS_MOVE = YES;
				CLANG_WARN_UNGUARDED_AVAILABILITY = YES_AGGRESSIVE;
				CLANG_WARN_UNREACHABLE_CODE = YES;
				CLANG_WARN__DUPLICATE_METHOD_MATCH = YES;
				COPY_PHASE_STRIP = NO;
				DEBUG_INFORMATION_FORMAT = "dwarf-with-dsym";
				ENABLE_NS_ASSERTIONS = NO;
				ENABLE_STRICT_OBJC_MSGSEND = YES;
				ENABLE_USER_SCRIPT_SANDBOXING = YES;
				GCC_C_LANGUAGE_STANDARD = gnu17;
				GCC_NO_COMMON_BLOCKS = YES;
				GCC_WARN_64_TO_32_BIT_CONVERSION = YES;
				GCC_WARN_ABOUT_RETURN_TYPE = YES_ERROR;
				GCC_WARN_UNDECLARED_SELECTOR = YES;
				GCC_WARN_UNINITIALIZED_AUTOS = YES_AGGRESSIVE;
				GCC_WARN_UNUSED_FUNCTION = YES;
				GCC_WARN_UNUSED_VARIABLE = YES;
				IPHONEOS_DEPLOYMENT_TARGET = 17.5;
				LOCALIZATION_PREFERS_STRING_CATALOGS = YES;
				MTL_ENABLE_DEBUG_INFO = NO;
				MTL_FAST_MATH = YES;
				SDKROOT = iphoneos;
				SWIFT_COMPILATION_MODE = wholemodule;
				VALIDATE_PRODUCT = YES;
			};
			name = Release;
		};
		7F1600AB2CA557F8009631A0 /* Debug */ = {
			isa = XCBuildConfiguration;
			buildSettings = {
				ASSETCATALOG_COMPILER_APPICON_NAME = AppIcon;
				ASSETCATALOG_COMPILER_GLOBAL_ACCENT_COLOR_NAME = AccentColor;
				CODE_SIGN_STYLE = Automatic;
				CURRENT_PROJECT_VERSION = 1;
				DEVELOPMENT_ASSET_PATHS = "\"uiu/Preview Content\"";
				ENABLE_PREVIEWS = YES;
				GENERATE_INFOPLIST_FILE = YES;
				INFOPLIST_KEY_UIApplicationSceneManifest_Generation = YES;
				INFOPLIST_KEY_UIApplicationSupportsIndirectInputEvents = YES;
				INFOPLIST_KEY_UILaunchScreen_Generation = YES;
				INFOPLIST_KEY_UISupportedInterfaceOrientations_iPad = "UIInterfaceOrientationPortrait UIInterfaceOrientationPortraitUpsideDown UIInterfaceOrientationLandscapeLeft UIInterfaceOrientationLandscapeRight";
				INFOPLIST_KEY_UISupportedInterfaceOrientations_iPhone = "UIInterfaceOrientationPortrait UIInterfaceOrientationLandscapeLeft UIInterfaceOrientationLandscapeRight";
				LD_RUNPATH_SEARCH_PATHS = (
					"$(inherited)",
					"@executable_path/Frameworks",
				);
				MARKETING_VERSION = 1.0;
				PRODUCT_BUNDLE_IDENTIFIER = re.uiu;
				PRODUCT_NAME = "$(TARGET_NAME)";
				SWIFT_EMIT_LOC_STRINGS = YES;
				SWIFT_VERSION = 5.0;
				TARGETED_DEVICE_FAMILY = "1,2";
			};
			name = Debug;
		};
		7F1600AC2CA557F8009631A0 /* Release */ = {
			isa = XCBuildConfiguration;
			buildSettings = {
				ASSETCATALOG_COMPILER_APPICON_NAME = AppIcon;
				ASSETCATALOG_COMPILER_GLOBAL_ACCENT_COLOR_NAME = AccentColor;
				CODE_SIGN_STYLE = Automatic;
				CURRENT_PROJECT_VERSION = 1;
				DEVELOPMENT_ASSET_PATHS = "\"uiu/Preview Content\"";
				ENABLE_PREVIEWS = YES;
				GENERATE_INFOPLIST_FILE = YES;
				INFOPLIST_KEY_UIApplicationSceneManifest_Generation = YES;
				INFOPLIST_KEY_UIApplicationSupportsIndirectInputEvents = YES;
				INFOPLIST_KEY_UILaunchScreen_Generation = YES;
				INFOPLIST_KEY_UISupportedInterfaceOrientations_iPad = "UIInterfaceOrientationPortrait UIInterfaceOrientationPortraitUpsideDown UIInterfaceOrientationLandscapeLeft UIInterfaceOrientationLandscapeRight";
				INFOPLIST_KEY_UISupportedInterfaceOrientations_iPhone = "UIInterfaceOrientationPortrait UIInterfaceOrientationLandscapeLeft UIInterfaceOrientationLandscapeRight";
				LD_RUNPATH_SEARCH_PATHS = (
					"$(inherited)",
					"@executable_path/Frameworks",
				);
				MARKETING_VERSION = 1.0;
				PRODUCT_BUNDLE_IDENTIFIER = re.uiu;
				PRODUCT_NAME = "$(TARGET_NAME)";
				SWIFT_EMIT_LOC_STRINGS = YES;
				SWIFT_VERSION = 5.0;
				TARGETED_DEVICE_FAMILY = "1,2";
			};
			name = Release;
		};
		7F1600AE2CA557F8009631A0 /* Debug */ = {
			isa = XCBuildConfiguration;
			buildSettings = {
				ALWAYS_EMBED_SWIFT_STANDARD_LIBRARIES = YES;
				BUNDLE_LOADER = "$(TEST_HOST)";
				CODE_SIGN_STYLE = Automatic;
				CURRENT_PROJECT_VERSION = 1;
				GENERATE_INFOPLIST_FILE = YES;
				IPHONEOS_DEPLOYMENT_TARGET = 17.5;
				MARKETING_VERSION = 1.0;
				PRODUCT_BUNDLE_IDENTIFIER = re.uiuTests;
				PRODUCT_NAME = "$(TARGET_NAME)";
				SWIFT_EMIT_LOC_STRINGS = NO;
				SWIFT_VERSION = 5.0;
				TARGETED_DEVICE_FAMILY = "1,2";
				TEST_HOST = "$(BUILT_PRODUCTS_DIR)/uiu.app/$(BUNDLE_EXECUTABLE_FOLDER_PATH)/uiu";
			};
			name = Debug;
		};
		7F1600AF2CA557F8009631A0 /* Release */ = {
			isa = XCBuildConfiguration;
			buildSettings = {
				ALWAYS_EMBED_SWIFT_STANDARD_LIBRARIES = YES;
				BUNDLE_LOADER = "$(TEST_HOST)";
				CODE_SIGN_STYLE = Automatic;
				CURRENT_PROJECT_VERSION = 1;
				GENERATE_INFOPLIST_FILE = YES;
				IPHONEOS_DEPLOYMENT_TARGET = 17.5;
				MARKETING_VERSION = 1.0;
				PRODUCT_BUNDLE_IDENTIFIER = re.uiuTests;
				PRODUCT_NAME = "$(TARGET_NAME)";
				SWIFT_EMIT_LOC_STRINGS = NO;
				SWIFT_VERSION = 5.0;
				TARGETED_DEVICE_FAMILY = "1,2";
				TEST_HOST = "$(BUILT_PRODUCTS_DIR)/uiu.app/$(BUNDLE_EXECUTABLE_FOLDER_PATH)/uiu";
			};
			name = Release;
		};
		7F1600B12CA557F8009631A0 /* Debug */ = {
			isa = XCBuildConfiguration;
			buildSettings = {
				ALWAYS_EMBED_SWIFT_STANDARD_LIBRARIES = YES;
				CODE_SIGN_STYLE = Automatic;
				CURRENT_PROJECT_VERSION = 1;
				GENERATE_INFOPLIST_FILE = YES;
				MARKETING_VERSION = 1.0;
				PRODUCT_BUNDLE_IDENTIFIER = re.uiuUITests;
				PRODUCT_NAME = "$(TARGET_NAME)";
				SWIFT_EMIT_LOC_STRINGS = NO;
				SWIFT_VERSION = 5.0;
				TARGETED_DEVICE_FAMILY = "1,2";
				TEST_TARGET_NAME = uiu;
			};
			name = Debug;
		};
		7F1600B22CA557F8009631A0 /* Release */ = {
			isa = XCBuildConfiguration;
			buildSettings = {
				ALWAYS_EMBED_SWIFT_STANDARD_LIBRARIES = YES;
				CODE_SIGN_STYLE = Automatic;
				CURRENT_PROJECT_VERSION = 1;
				GENERATE_INFOPLIST_FILE = YES;
				MARKETING_VERSION = 1.0;
				PRODUCT_BUNDLE_IDENTIFIER = re.uiuUITests;
				PRODUCT_NAME = "$(TARGET_NAME)";
				SWIFT_EMIT_LOC_STRINGS = NO;
				SWIFT_VERSION = 5.0;
				TARGETED_DEVICE_FAMILY = "1,2";
				TEST_TARGET_NAME = uiu;
			};
			name = Release;
		};
/* End XCBuildConfiguration section */

/* Begin XCConfigurationList section */
		7F1600812CA557F7009631A0 /* Build configuration list for PBXProject "uiu" */ = {
			isa = XCConfigurationList;
			buildConfigurations = (
				7F1600A82CA557F8009631A0 /* Debug */,
				7F1600A92CA557F8009631A0 /* Release */,
			);
			defaultConfigurationIsVisible = 0;
			defaultConfigurationName = Release;
		};
		7F1600AA2CA557F8009631A0 /* Build configuration list for PBXNativeTarget "uiu" */ = {
			isa = XCConfigurationList;
			buildConfigurations = (
				7F1600AB2CA557F8009631A0 /* Debug */,
				7F1600AC2CA557F8009631A0 /* Release */,
			);
			defaultConfigurationIsVisible = 0;
			defaultConfigurationName = Release;
		};
		7F1600AD2CA557F8009631A0 /* Build configuration list for PBXNativeTarget "uiuTests" */ = {
			isa = XCConfigurationList;
			buildConfigurations = (
				7F1600AE2CA557F8009631A0 /* Debug */,
				7F1600AF2CA557F8009631A0 /* Release */,
			);
			defaultConfigurationIsVisible = 0;
			defaultConfigurationName = Release;
		};
		7F1600B02CA557F8009631A0 /* Build configuration list for PBXNativeTarget "uiuUITests" */ = {
			isa = XCConfigurationList;
			buildConfigurations = (
				7F1600B12CA557F8009631A0 /* Debug */,
				7F1600B22CA557F8009631A0 /* Release */,
			);
			defaultConfigurationIsVisible = 0;
			defaultConfigurationName = Release;
		};
/* End XCConfigurationList section */
	};
	rootObject = 7F16007E2CA557F7009631A0 /* Project object */;
}
